
Microsoft Visual Studio Solution File, Format Version 12.00
# Visual Studio 15
VisualStudioVersion = 15.0.34112.143
MinimumVisualStudioVersion = 10.0.40219.1
Project("{8BC9CEB8-8B4A-11D0-8D11-00A0C91BC942}") = "Vježba1", "Vježba1\Vježba1.vcxproj", "{2134FD7E-5304-49FF-ADB3-9E7FCA990364}"
EndProject
Global
	GlobalSection(SolutionConfigurationPlatforms) = preSolution
		Debug|x64 = Debug|x64
		Debug|x86 = Debug|x86
		Release|x64 = Release|x64
		Release|x86 = Release|x86
	EndGlobalSection
	GlobalSection(ProjectConfigurationPlatforms) = postSolution
		{2134FD7E-5304-49FF-ADB3-9E7FCA990364}.Debug|x64.ActiveCfg = Debug|x64
		{2134FD7E-5304-49FF-ADB3-9E7FCA990364}.Debug|x64.Build.0 = Debug|x64
		{2134FD7E-5304-49FF-ADB3-9E7FCA990364}.Debug|x86.ActiveCfg = Debug|Win32
		{2134FD7E-5304-49FF-ADB3-9E7FCA990364}.Debug|x86.Build.0 = Debug|Win32
		{2134FD7E-5304-49FF-ADB3-9E7FCA990364}.Release|x64.ActiveCfg = Release|x64
		{2134FD7E-5304-49FF-ADB3-9E7FCA990364}.Release|x64.Build.0 = Release|x64
		{2134FD7E-5304-49FF-ADB3-9E7FCA990364}.Release|x86.ActiveCfg = Release|Win32
		{2134FD7E-5304-49FF-ADB3-9E7FCA990364}.Release|x86.Build.0 = Release|Win32
	EndGlobalSection
	GlobalSection(SolutionProperties) = preSolution
		HideSolutionNode = FALSE
	EndGlobalSection
	GlobalSection(ExtensibilityGlobals) = postSolution
		SolutionGuid = {6800DD25-948A-40D8-BC2A-EF309B19EB2B}
	EndGlobalSection
EndGlobal
