
Microsoft Visual Studio Solution File, Format Version 12.00
# Visual Studio 15
VisualStudioVersion = 15.0.34112.143
MinimumVisualStudioVersion = 10.0.40219.1
Project("{8BC9CEB8-8B4A-11D0-8D11-00A0C91BC942}") = "Vježba8_nadopunjeno", "Vježba8_nadopunjeno\Vježba8_nadopunjeno.vcxproj", "{39309F6D-5DA4-47CF-BCF1-1F52915671A4}"
EndProject
Global
	GlobalSection(SolutionConfigurationPlatforms) = preSolution
		Debug|x64 = Debug|x64
		Debug|x86 = Debug|x86
		Release|x64 = Release|x64
		Release|x86 = Release|x86
	EndGlobalSection
	GlobalSection(ProjectConfigurationPlatforms) = postSolution
		{39309F6D-5DA4-47CF-BCF1-1F52915671A4}.Debug|x64.ActiveCfg = Debug|x64
		{39309F6D-5DA4-47CF-BCF1-1F52915671A4}.Debug|x64.Build.0 = Debug|x64
		{39309F6D-5DA4-47CF-BCF1-1F52915671A4}.Debug|x86.ActiveCfg = Debug|Win32
		{39309F6D-5DA4-47CF-BCF1-1F52915671A4}.Debug|x86.Build.0 = Debug|Win32
		{39309F6D-5DA4-47CF-BCF1-1F52915671A4}.Release|x64.ActiveCfg = Release|x64
		{39309F6D-5DA4-47CF-BCF1-1F52915671A4}.Release|x64.Build.0 = Release|x64
		{39309F6D-5DA4-47CF-BCF1-1F52915671A4}.Release|x86.ActiveCfg = Release|Win32
		{39309F6D-5DA4-47CF-BCF1-1F52915671A4}.Release|x86.Build.0 = Release|Win32
	EndGlobalSection
	GlobalSection(SolutionProperties) = preSolution
		HideSolutionNode = FALSE
	EndGlobalSection
	GlobalSection(ExtensibilityGlobals) = postSolution
		SolutionGuid = {407B9D71-F596-45FA-B1A8-AD39FDE085A1}
	EndGlobalSection
EndGlobal
